// !$*UTF8*$!
{
	archiveVersion = 1;
	classes = {
	};
	objectVersion = 46;
	objects = {

/* Begin PBXBuildFile section */
		5C61F8711F1691A4003F3AD9 /* AppDelegate.swift in Sources */ = {isa = PBXBuildFile; fileRef = 5C61F8701F1691A4003F3AD9 /* AppDelegate.swift */; };
		5C61F8731F1691A4003F3AD9 /* ViewController.swift in Sources */ = {isa = PBXBuildFile; fileRef = 5C61F8721F1691A4003F3AD9 /* ViewController.swift */; };
		5C61F8761F1691A4003F3AD9 /* Main.storyboard in Resources */ = {isa = PBXBuildFile; fileRef = 5C61F8741F1691A4003F3AD9 /* Main.storyboard */; };
		5C61F8791F1691A4003F3AD9 /* Budget.xcdatamodeld in Sources */ = {isa = PBXBuildFile; fileRef = 5C61F8771F1691A4003F3AD9 /* Budget.xcdatamodeld */; };
		5C61F87B1F1691A4003F3AD9 /* Assets.xcassets in Resources */ = {isa = PBXBuildFile; fileRef = 5C61F87A1F1691A4003F3AD9 /* Assets.xcassets */; };
		5C61F87E1F1691A4003F3AD9 /* LaunchScreen.storyboard in Resources */ = {isa = PBXBuildFile; fileRef = 5C61F87C1F1691A4003F3AD9 /* LaunchScreen.storyboard */; };
		5C61F8891F1691A4003F3AD9 /* BudgetTests.swift in Sources */ = {isa = PBXBuildFile; fileRef = 5C61F8881F1691A4003F3AD9 /* BudgetTests.swift */; };
		5C61F8941F1691A4003F3AD9 /* BudgetUITests.swift in Sources */ = {isa = PBXBuildFile; fileRef = 5C61F8931F1691A4003F3AD9 /* BudgetUITests.swift */; };
		5C80592C1F16C509002E2D81 /* Fabric.framework in Frameworks */ = {isa = PBXBuildFile; fileRef = 5C80592A1F16C509002E2D81 /* Fabric.framework */; };
		5C80592D1F16C509002E2D81 /* Crashlytics.framework in Frameworks */ = {isa = PBXBuildFile; fileRef = 5C80592B1F16C509002E2D81 /* Crashlytics.framework */; };
/* End PBXBuildFile section */

/* Begin PBXContainerItemProxy section */
		5C61F8851F1691A4003F3AD9 /* PBXContainerItemProxy */ = {
			isa = PBXContainerItemProxy;
			containerPortal = 5C61F8651F1691A4003F3AD9 /* Project object */;
			proxyType = 1;
			remoteGlobalIDString = 5C61F86C1F1691A4003F3AD9;
			remoteInfo = Budget;
		};
		5C61F8901F1691A4003F3AD9 /* PBXContainerItemProxy */ = {
			isa = PBXContainerItemProxy;
			containerPortal = 5C61F8651F1691A4003F3AD9 /* Project object */;
			proxyType = 1;
			remoteGlobalIDString = 5C61F86C1F1691A4003F3AD9;
			remoteInfo = Budget;
		};
/* End PBXContainerItemProxy section */

/* Begin PBXFileReference section */
		5C61F86D1F1691A4003F3AD9 /* Budget.app */ = {isa = PBXFileReference; explicitFileType = wrapper.application; includeInIndex = 0; path = Budget.app; sourceTree = BUILT_PRODUCTS_DIR; };
		5C61F8701F1691A4003F3AD9 /* AppDelegate.swift */ = {isa = PBXFileReference; lastKnownFileType = sourcecode.swift; path = AppDelegate.swift; sourceTree = "<group>"; };
		5C61F8721F1691A4003F3AD9 /* ViewController.swift */ = {isa = PBXFileReference; lastKnownFileType = sourcecode.swift; path = ViewController.swift; sourceTree = "<group>"; };
		5C61F8751F1691A4003F3AD9 /* Base */ = {isa = PBXFileReference; lastKnownFileType = file.storyboard; name = Base; path = Base.lproj/Main.storyboard; sourceTree = "<group>"; };
		5C61F8781F1691A4003F3AD9 /* Budget.xcdatamodel */ = {isa = PBXFileReference; lastKnownFileType = wrapper.xcdatamodel; path = Budget.xcdatamodel; sourceTree = "<group>"; };
		5C61F87A1F1691A4003F3AD9 /* Assets.xcassets */ = {isa = PBXFileReference; lastKnownFileType = folder.assetcatalog; path = Assets.xcassets; sourceTree = "<group>"; };
		5C61F87D1F1691A4003F3AD9 /* Base */ = {isa = PBXFileReference; lastKnownFileType = file.storyboard; name = Base; path = Base.lproj/LaunchScreen.storyboard; sourceTree = "<group>"; };
		5C61F87F1F1691A4003F3AD9 /* Info.plist */ = {isa = PBXFileReference; lastKnownFileType = text.plist.xml; path = Info.plist; sourceTree = "<group>"; };
		5C61F8841F1691A4003F3AD9 /* BudgetTests.xctest */ = {isa = PBXFileReference; explicitFileType = wrapper.cfbundle; includeInIndex = 0; path = BudgetTests.xctest; sourceTree = BUILT_PRODUCTS_DIR; };
		5C61F8881F1691A4003F3AD9 /* BudgetTests.swift */ = {isa = PBXFileReference; lastKnownFileType = sourcecode.swift; path = BudgetTests.swift; sourceTree = "<group>"; };
		5C61F88A1F1691A4003F3AD9 /* Info.plist */ = {isa = PBXFileReference; lastKnownFileType = text.plist.xml; path = Info.plist; sourceTree = "<group>"; };
		5C61F88F1F1691A4003F3AD9 /* BudgetUITests.xctest */ = {isa = PBXFileReference; explicitFileType = wrapper.cfbundle; includeInIndex = 0; path = BudgetUITests.xctest; sourceTree = BUILT_PRODUCTS_DIR; };
		5C61F8931F1691A4003F3AD9 /* BudgetUITests.swift */ = {isa = PBXFileReference; lastKnownFileType = sourcecode.swift; path = BudgetUITests.swift; sourceTree = "<group>"; };
		5C61F8951F1691A4003F3AD9 /* Info.plist */ = {isa = PBXFileReference; lastKnownFileType = text.plist.xml; path = Info.plist; sourceTree = "<group>"; };
		5C80592A1F16C509002E2D81 /* Fabric.framework */ = {isa = PBXFileReference; lastKnownFileType = wrapper.framework; path = Fabric.framework; sourceTree = "<group>"; };
		5C80592B1F16C509002E2D81 /* Crashlytics.framework */ = {isa = PBXFileReference; lastKnownFileType = wrapper.framework; path = Crashlytics.framework; sourceTree = "<group>"; };
/* End PBXFileReference section */

/* Begin PBXFrameworksBuildPhase section */
		5C61F86A1F1691A4003F3AD9 /* Frameworks */ = {
			isa = PBXFrameworksBuildPhase;
			buildActionMask = 2147483647;
			files = (
				5C80592D1F16C509002E2D81 /* Crashlytics.framework in Frameworks */,
				5C80592C1F16C509002E2D81 /* Fabric.framework in Frameworks */,
			);
			runOnlyForDeploymentPostprocessing = 0;
		};
		5C61F8811F1691A4003F3AD9 /* Frameworks */ = {
			isa = PBXFrameworksBuildPhase;
			buildActionMask = 2147483647;
			files = (
			);
			runOnlyForDeploymentPostprocessing = 0;
		};
		5C61F88C1F1691A4003F3AD9 /* Frameworks */ = {
			isa = PBXFrameworksBuildPhase;
			buildActionMask = 2147483647;
			files = (
			);
			runOnlyForDeploymentPostprocessing = 0;
		};
/* End PBXFrameworksBuildPhase section */

/* Begin PBXGroup section */
		5C61F8641F1691A4003F3AD9 = {
			isa = PBXGroup;
			children = (
				5C61F86F1F1691A4003F3AD9 /* Budget */,
				5C61F8871F1691A4003F3AD9 /* BudgetTests */,
				5C61F8921F1691A4003F3AD9 /* BudgetUITests */,
				5C61F86E1F1691A4003F3AD9 /* Products */,
				5C80592A1F16C509002E2D81 /* Fabric.framework */,
				5C80592B1F16C509002E2D81 /* Crashlytics.framework */,
			);
			sourceTree = "<group>";
		};
		5C61F86E1F1691A4003F3AD9 /* Products */ = {
			isa = PBXGroup;
			children = (
				5C61F86D1F1691A4003F3AD9 /* Budget.app */,
				5C61F8841F1691A4003F3AD9 /* BudgetTests.xctest */,
				5C61F88F1F1691A4003F3AD9 /* BudgetUITests.xctest */,
			);
			name = Products;
			sourceTree = "<group>";
		};
		5C61F86F1F1691A4003F3AD9 /* Budget */ = {
			isa = PBXGroup;
			children = (
				5C61F8701F1691A4003F3AD9 /* AppDelegate.swift */,
				5C61F8721F1691A4003F3AD9 /* ViewController.swift */,
				5C61F8741F1691A4003F3AD9 /* Main.storyboard */,
				5C61F87A1F1691A4003F3AD9 /* Assets.xcassets */,
				5C61F87C1F1691A4003F3AD9 /* LaunchScreen.storyboard */,
				5C61F87F1F1691A4003F3AD9 /* Info.plist */,
				5C61F8771F1691A4003F3AD9 /* Budget.xcdatamodeld */,
			);
			path = Budget;
			sourceTree = "<group>";
		};
		5C61F8871F1691A4003F3AD9 /* BudgetTests */ = {
			isa = PBXGroup;
			children = (
				5C61F8881F1691A4003F3AD9 /* BudgetTests.swift */,
				5C61F88A1F1691A4003F3AD9 /* Info.plist */,
			);
			path = BudgetTests;
			sourceTree = "<group>";
		};
		5C61F8921F1691A4003F3AD9 /* BudgetUITests */ = {
			isa = PBXGroup;
			children = (
				5C61F8931F1691A4003F3AD9 /* BudgetUITests.swift */,
				5C61F8951F1691A4003F3AD9 /* Info.plist */,
			);
			path = BudgetUITests;
			sourceTree = "<group>";
		};
/* End PBXGroup section */

/* Begin PBXNativeTarget section */
		5C61F86C1F1691A4003F3AD9 /* Budget */ = {
			isa = PBXNativeTarget;
			buildConfigurationList = 5C61F8981F1691A4003F3AD9 /* Build configuration list for PBXNativeTarget "Budget" */;
			buildPhases = (
				5C61F8691F1691A4003F3AD9 /* Sources */,
				5C61F86A1F1691A4003F3AD9 /* Frameworks */,
				5C61F86B1F1691A4003F3AD9 /* Resources */,
				5C8059291F16C4CD002E2D81 /* Run Script: Fabric */,
			);
			buildRules = (
			);
			dependencies = (
			);
			name = Budget;
			productName = Budget;
			productReference = 5C61F86D1F1691A4003F3AD9 /* Budget.app */;
			productType = "com.apple.product-type.application";
		};
		5C61F8831F1691A4003F3AD9 /* BudgetTests */ = {
			isa = PBXNativeTarget;
			buildConfigurationList = 5C61F89B1F1691A4003F3AD9 /* Build configuration list for PBXNativeTarget "BudgetTests" */;
			buildPhases = (
				5C61F8801F1691A4003F3AD9 /* Sources */,
				5C61F8811F1691A4003F3AD9 /* Frameworks */,
				5C61F8821F1691A4003F3AD9 /* Resources */,
			);
			buildRules = (
			);
			dependencies = (
				5C61F8861F1691A4003F3AD9 /* PBXTargetDependency */,
			);
			name = BudgetTests;
			productName = BudgetTests;
			productReference = 5C61F8841F1691A4003F3AD9 /* BudgetTests.xctest */;
			productType = "com.apple.product-type.bundle.unit-test";
		};
		5C61F88E1F1691A4003F3AD9 /* BudgetUITests */ = {
			isa = PBXNativeTarget;
			buildConfigurationList = 5C61F89E1F1691A4003F3AD9 /* Build configuration list for PBXNativeTarget "BudgetUITests" */;
			buildPhases = (
				5C61F88B1F1691A4003F3AD9 /* Sources */,
				5C61F88C1F1691A4003F3AD9 /* Frameworks */,
				5C61F88D1F1691A4003F3AD9 /* Resources */,
			);
			buildRules = (
			);
			dependencies = (
				5C61F8911F1691A4003F3AD9 /* PBXTargetDependency */,
			);
			name = BudgetUITests;
			productName = BudgetUITests;
			productReference = 5C61F88F1F1691A4003F3AD9 /* BudgetUITests.xctest */;
			productType = "com.apple.product-type.bundle.ui-testing";
		};
/* End PBXNativeTarget section */

/* Begin PBXProject section */
		5C61F8651F1691A4003F3AD9 /* Project object */ = {
			isa = PBXProject;
			attributes = {
				LastSwiftUpdateCheck = 0830;
				LastUpgradeCheck = 0830;
				ORGANIZATIONNAME = "William Archimede";
				TargetAttributes = {
					5C61F86C1F1691A4003F3AD9 = {
						CreatedOnToolsVersion = 8.3.3;
						DevelopmentTeam = 49NQY3MAJ3;
						ProvisioningStyle = Automatic;
					};
					5C61F8831F1691A4003F3AD9 = {
						CreatedOnToolsVersion = 8.3.3;
						DevelopmentTeam = 5CVNZF3PXG;
						ProvisioningStyle = Automatic;
						TestTargetID = 5C61F86C1F1691A4003F3AD9;
					};
					5C61F88E1F1691A4003F3AD9 = {
						CreatedOnToolsVersion = 8.3.3;
						DevelopmentTeam = 5CVNZF3PXG;
						ProvisioningStyle = Automatic;
						TestTargetID = 5C61F86C1F1691A4003F3AD9;
					};
				};
			};
			buildConfigurationList = 5C61F8681F1691A4003F3AD9 /* Build configuration list for PBXProject "Budget" */;
			compatibilityVersion = "Xcode 3.2";
			developmentRegion = English;
			hasScannedForEncodings = 0;
			knownRegions = (
				en,
				Base,
			);
			mainGroup = 5C61F8641F1691A4003F3AD9;
			productRefGroup = 5C61F86E1F1691A4003F3AD9 /* Products */;
			projectDirPath = "";
			projectRoot = "";
			targets = (
				5C61F86C1F1691A4003F3AD9 /* Budget */,
				5C61F8831F1691A4003F3AD9 /* BudgetTests */,
				5C61F88E1F1691A4003F3AD9 /* BudgetUITests */,
			);
		};
/* End PBXProject section */

/* Begin PBXResourcesBuildPhase section */
		5C61F86B1F1691A4003F3AD9 /* Resources */ = {
			isa = PBXResourcesBuildPhase;
			buildActionMask = 2147483647;
			files = (
				5C61F87E1F1691A4003F3AD9 /* LaunchScreen.storyboard in Resources */,
				5C61F87B1F1691A4003F3AD9 /* Assets.xcassets in Resources */,
				5C61F8761F1691A4003F3AD9 /* Main.storyboard in Resources */,
			);
			runOnlyForDeploymentPostprocessing = 0;
		};
		5C61F8821F1691A4003F3AD9 /* Resources */ = {
			isa = PBXResourcesBuildPhase;
			buildActionMask = 2147483647;
			files = (
			);
			runOnlyForDeploymentPostprocessing = 0;
		};
		5C61F88D1F1691A4003F3AD9 /* Resources */ = {
			isa = PBXResourcesBuildPhase;
			buildActionMask = 2147483647;
			files = (
			);
			runOnlyForDeploymentPostprocessing = 0;
		};
/* End PBXResourcesBuildPhase section */

/* Begin PBXShellScriptBuildPhase section */
		5C8059291F16C4CD002E2D81 /* Run Script: Fabric */ = {
			isa = PBXShellScriptBuildPhase;
			buildActionMask = 2147483647;
			files = (
			);
			inputPaths = (
			);
			name = "Run Script: Fabric";
			outputPaths = (
			);
			runOnlyForDeploymentPostprocessing = 0;
			shellPath = /bin/sh;
			shellScript = "./Fabric.framework/run e5ce3a0b1f4a918f98939fe8e082086100642cdc f424000c9b43c5c5877e0ad0c795ce30a5406add7ab97d391829d2ddfd2cb6d8";
		};
/* End PBXShellScriptBuildPhase section */

/* Begin PBXSourcesBuildPhase section */
		5C61F8691F1691A4003F3AD9 /* Sources */ = {
			isa = PBXSourcesBuildPhase;
			buildActionMask = 2147483647;
			files = (
				5C61F8731F1691A4003F3AD9 /* ViewController.swift in Sources */,
				5C61F8711F1691A4003F3AD9 /* AppDelegate.swift in Sources */,
				5C61F8791F1691A4003F3AD9 /* Budget.xcdatamodeld in Sources */,
			);
			runOnlyForDeploymentPostprocessing = 0;
		};
		5C61F8801F1691A4003F3AD9 /* Sources */ = {
			isa = PBXSourcesBuildPhase;
			buildActionMask = 2147483647;
			files = (
				5C61F8891F1691A4003F3AD9 /* BudgetTests.swift in Sources */,
			);
			runOnlyForDeploymentPostprocessing = 0;
		};
		5C61F88B1F1691A4003F3AD9 /* Sources */ = {
			isa = PBXSourcesBuildPhase;
			buildActionMask = 2147483647;
			files = (
				5C61F8941F1691A4003F3AD9 /* BudgetUITests.swift in Sources */,
			);
			runOnlyForDeploymentPostprocessing = 0;
		};
/* End PBXSourcesBuildPhase section */

/* Begin PBXTargetDependency section */
		5C61F8861F1691A4003F3AD9 /* PBXTargetDependency */ = {
			isa = PBXTargetDependency;
			target = 5C61F86C1F1691A4003F3AD9 /* Budget */;
			targetProxy = 5C61F8851F1691A4003F3AD9 /* PBXContainerItemProxy */;
		};
		5C61F8911F1691A4003F3AD9 /* PBXTargetDependency */ = {
			isa = PBXTargetDependency;
			target = 5C61F86C1F1691A4003F3AD9 /* Budget */;
			targetProxy = 5C61F8901F1691A4003F3AD9 /* PBXContainerItemProxy */;
		};
/* End PBXTargetDependency section */

/* Begin PBXVariantGroup section */
		5C61F8741F1691A4003F3AD9 /* Main.storyboard */ = {
			isa = PBXVariantGroup;
			children = (
				5C61F8751F1691A4003F3AD9 /* Base */,
			);
			name = Main.storyboard;
			sourceTree = "<group>";
		};
		5C61F87C1F1691A4003F3AD9 /* LaunchScreen.storyboard */ = {
			isa = PBXVariantGroup;
			children = (
				5C61F87D1F1691A4003F3AD9 /* Base */,
			);
			name = LaunchScreen.storyboard;
			sourceTree = "<group>";
		};
/* End PBXVariantGroup section */

/* Begin XCBuildConfiguration section */
		5C61F8961F1691A4003F3AD9 /* Debug */ = {
			isa = XCBuildConfiguration;
			buildSettings = {
				ALWAYS_SEARCH_USER_PATHS = NO;
				CLANG_ANALYZER_NONNULL = YES;
				CLANG_ANALYZER_NUMBER_OBJECT_CONVERSION = YES_AGGRESSIVE;
				CLANG_CXX_LANGUAGE_STANDARD = "gnu++0x";
				CLANG_CXX_LIBRARY = "libc++";
				CLANG_ENABLE_MODULES = YES;
				CLANG_ENABLE_OBJC_ARC = YES;
				CLANG_WARN_BOOL_CONVERSION = YES;
				CLANG_WARN_CONSTANT_CONVERSION = YES;
				CLANG_WARN_DIRECT_OBJC_ISA_USAGE = YES_ERROR;
				CLANG_WARN_DOCUMENTATION_COMMENTS = YES;
				CLANG_WARN_EMPTY_BODY = YES;
				CLANG_WARN_ENUM_CONVERSION = YES;
				CLANG_WARN_INFINITE_RECURSION = YES;
				CLANG_WARN_INT_CONVERSION = YES;
				CLANG_WARN_OBJC_ROOT_CLASS = YES_ERROR;
				CLANG_WARN_SUSPICIOUS_MOVE = YES;
				CLANG_WARN_UNREACHABLE_CODE = YES;
				CLANG_WARN__DUPLICATE_METHOD_MATCH = YES;
				"CODE_SIGN_IDENTITY[sdk=iphoneos*]" = "iPhone Developer";
				COPY_PHASE_STRIP = NO;
				DEBUG_INFORMATION_FORMAT = dwarf;
				ENABLE_STRICT_OBJC_MSGSEND = YES;
				ENABLE_TESTABILITY = YES;
				GCC_C_LANGUAGE_STANDARD = gnu99;
				GCC_DYNAMIC_NO_PIC = NO;
				GCC_NO_COMMON_BLOCKS = YES;
				GCC_OPTIMIZATION_LEVEL = 0;
				GCC_PREPROCESSOR_DEFINITIONS = (
					"DEBUG=1",
					"$(inherited)",
				);
				GCC_WARN_64_TO_32_BIT_CONVERSION = YES;
				GCC_WARN_ABOUT_RETURN_TYPE = YES_ERROR;
				GCC_WARN_UNDECLARED_SELECTOR = YES;
				GCC_WARN_UNINITIALIZED_AUTOS = YES_AGGRESSIVE;
				GCC_WARN_UNUSED_FUNCTION = YES;
				GCC_WARN_UNUSED_VARIABLE = YES;
				IPHONEOS_DEPLOYMENT_TARGET = 10.3;
				MTL_ENABLE_DEBUG_INFO = YES;
				ONLY_ACTIVE_ARCH = YES;
				SDKROOT = iphoneos;
				SWIFT_ACTIVE_COMPILATION_CONDITIONS = DEBUG;
				SWIFT_OPTIMIZATION_LEVEL = "-Onone";
				TARGETED_DEVICE_FAMILY = "1,2";
			};
			name = Debug;
		};
		5C61F8971F1691A4003F3AD9 /* Release */ = {
			isa = XCBuildConfiguration;
			buildSettings = {
				ALWAYS_SEARCH_USER_PATHS = NO;
				CLANG_ANALYZER_NONNULL = YES;
				CLANG_ANALYZER_NUMBER_OBJECT_CONVERSION = YES_AGGRESSIVE;
				CLANG_CXX_LANGUAGE_STANDARD = "gnu++0x";
				CLANG_CXX_LIBRARY = "libc++";
				CLANG_ENABLE_MODULES = YES;
				CLANG_ENABLE_OBJC_ARC = YES;
				CLANG_WARN_BOOL_CONVERSION = YES;
				CLANG_WARN_CONSTANT_CONVERSION = YES;
				CLANG_WARN_DIRECT_OBJC_ISA_USAGE = YES_ERROR;
				CLANG_WARN_DOCUMENTATION_COMMENTS = YES;
				CLANG_WARN_EMPTY_BODY = YES;
				CLANG_WARN_ENUM_CONVERSION = YES;
				CLANG_WARN_INFINITE_RECURSION = YES;
				CLANG_WARN_INT_CONVERSION = YES;
				CLANG_WARN_OBJC_ROOT_CLASS = YES_ERROR;
				CLANG_WARN_SUSPICIOUS_MOVE = YES;
				CLANG_WARN_UNREACHABLE_CODE = YES;
				CLANG_WARN__DUPLICATE_METHOD_MATCH = YES;
				"CODE_SIGN_IDENTITY[sdk=iphoneos*]" = "iPhone Developer";
				COPY_PHASE_STRIP = NO;
				DEBUG_INFORMATION_FORMAT = "dwarf-with-dsym";
				ENABLE_NS_ASSERTIONS = NO;
				ENABLE_STRICT_OBJC_MSGSEND = YES;
				GCC_C_LANGUAGE_STANDARD = gnu99;
				GCC_NO_COMMON_BLOCKS = YES;
				GCC_WARN_64_TO_32_BIT_CONVERSION = YES;
				GCC_WARN_ABOUT_RETURN_TYPE = YES_ERROR;
				GCC_WARN_UNDECLARED_SELECTOR = YES;
				GCC_WARN_UNINITIALIZED_AUTOS = YES_AGGRESSIVE;
				GCC_WARN_UNUSED_FUNCTION = YES;
				GCC_WARN_UNUSED_VARIABLE = YES;
				IPHONEOS_DEPLOYMENT_TARGET = 10.3;
				MTL_ENABLE_DEBUG_INFO = NO;
				SDKROOT = iphoneos;
				SWIFT_OPTIMIZATION_LEVEL = "-Owholemodule";
				TARGETED_DEVICE_FAMILY = "1,2";
				VALIDATE_PRODUCT = YES;
			};
			name = Release;
		};
		5C61F8991F1691A4003F3AD9 /* Debug */ = {
			isa = XCBuildConfiguration;
			buildSettings = {
				ASSETCATALOG_COMPILER_APPICON_NAME = AppIcon;
				DEVELOPMENT_TEAM = 49NQY3MAJ3;
				FRAMEWORK_SEARCH_PATHS = (
					"$(inherited)",
					"$(PROJECT_DIR)",
				);
				INFOPLIST_FILE = Budget/Info.plist;
				LD_RUNPATH_SEARCH_PATHS = "$(inherited) @executable_path/Frameworks";
				PRODUCT_BUNDLE_IDENTIFIER = io.warchimede.Budget;
				PRODUCT_NAME = "$(TARGET_NAME)";
				SWIFT_VERSION = 3.0;
			};
			name = Debug;
		};
		5C61F89A1F1691A4003F3AD9 /* Release */ = {
			isa = XCBuildConfiguration;
			buildSettings = {
				ASSETCATALOG_COMPILER_APPICON_NAME = AppIcon;
				DEVELOPMENT_TEAM = 49NQY3MAJ3;
				FRAMEWORK_SEARCH_PATHS = (
					"$(inherited)",
					"$(PROJECT_DIR)",
				);
				INFOPLIST_FILE = Budget/Info.plist;
				LD_RUNPATH_SEARCH_PATHS = "$(inherited) @executable_path/Frameworks";
				PRODUCT_BUNDLE_IDENTIFIER = io.warchimede.Budget;
				PRODUCT_NAME = "$(TARGET_NAME)";
				SWIFT_VERSION = 3.0;
			};
			name = Release;
		};
		5C61F89C1F1691A4003F3AD9 /* Debug */ = {
			isa = XCBuildConfiguration;
			buildSettings = {
				ALWAYS_EMBED_SWIFT_STANDARD_LIBRARIES = YES;
				BUNDLE_LOADER = "$(TEST_HOST)";
				DEVELOPMENT_TEAM = 5CVNZF3PXG;
				INFOPLIST_FILE = BudgetTests/Info.plist;
				LD_RUNPATH_SEARCH_PATHS = "$(inherited) @executable_path/Frameworks @loader_path/Frameworks";
				PRODUCT_BUNDLE_IDENTIFIER = com.WilliamArchimede.BudgetTests;
				PRODUCT_NAME = "$(TARGET_NAME)";
				SWIFT_VERSION = 3.0;
				TEST_HOST = "$(BUILT_PRODUCTS_DIR)/Budget.app/Budget";
			};
			name = Debug;
		};
		5C61F89D1F1691A4003F3AD9 /* Release */ = {
			isa = XCBuildConfiguration;
			buildSettings = {
				ALWAYS_EMBED_SWIFT_STANDARD_LIBRARIES = YES;
				BUNDLE_LOADER = "$(TEST_HOST)";
				DEVELOPMENT_TEAM = 5CVNZF3PXG;
				INFOPLIST_FILE = BudgetTests/Info.plist;
				LD_RUNPATH_SEARCH_PATHS = "$(inherited) @executable_path/Frameworks @loader_path/Frameworks";
				PRODUCT_BUNDLE_IDENTIFIER = com.WilliamArchimede.BudgetTests;
				PRODUCT_NAME = "$(TARGET_NAME)";
				SWIFT_VERSION = 3.0;
				TEST_HOST = "$(BUILT_PRODUCTS_DIR)/Budget.app/Budget";
			};
			name = Release;
		};
		5C61F89F1F1691A4003F3AD9 /* Debug */ = {
			isa = XCBuildConfiguration;
			buildSettings = {
				ALWAYS_EMBED_SWIFT_STANDARD_LIBRARIES = YES;
				DEVELOPMENT_TEAM = 5CVNZF3PXG;
				INFOPLIST_FILE = BudgetUITests/Info.plist;
				LD_RUNPATH_SEARCH_PATHS = "$(inherited) @executable_path/Frameworks @loader_path/Frameworks";
				PRODUCT_BUNDLE_IDENTIFIER = com.WilliamArchimede.BudgetUITests;
				PRODUCT_NAME = "$(TARGET_NAME)";
				SWIFT_VERSION = 3.0;
				TEST_TARGET_NAME = Budget;
			};
			name = Debug;
		};
		5C61F8A01F1691A4003F3AD9 /* Release */ = {
			isa = XCBuildConfiguration;
			buildSettings = {
				ALWAYS_EMBED_SWIFT_STANDARD_LIBRARIES = YES;
				DEVELOPMENT_TEAM = 5CVNZF3PXG;
				INFOPLIST_FILE = BudgetUITests/Info.plist;
				LD_RUNPATH_SEARCH_PATHS = "$(inherited) @executable_path/Frameworks @loader_path/Frameworks";
				PRODUCT_BUNDLE_IDENTIFIER = com.WilliamArchimede.BudgetUITests;
				PRODUCT_NAME = "$(TARGET_NAME)";
				SWIFT_VERSION = 3.0;
				TEST_TARGET_NAME = Budget;
			};
			name = Release;
		};
/* End XCBuildConfiguration section */

/* Begin XCConfigurationList section */
		5C61F8681F1691A4003F3AD9 /* Build configuration list for PBXProject "Budget" */ = {
			isa = XCConfigurationList;
			buildConfigurations = (
				5C61F8961F1691A4003F3AD9 /* Debug */,
				5C61F8971F1691A4003F3AD9 /* Release */,
			);
			defaultConfigurationIsVisible = 0;
			defaultConfigurationName = Release;
		};
		5C61F8981F1691A4003F3AD9 /* Build configuration list for PBXNativeTarget "Budget" */ = {
			isa = XCConfigurationList;
			buildConfigurations = (
				5C61F8991F1691A4003F3AD9 /* Debug */,
				5C61F89A1F1691A4003F3AD9 /* Release */,
			);
			defaultConfigurationIsVisible = 0;
			defaultConfigurationName = Release;
		};
		5C61F89B1F1691A4003F3AD9 /* Build configuration list for PBXNativeTarget "BudgetTests" */ = {
			isa = XCConfigurationList;
			buildConfigurations = (
				5C61F89C1F1691A4003F3AD9 /* Debug */,
				5C61F89D1F1691A4003F3AD9 /* Release */,
			);
			defaultConfigurationIsVisible = 0;
			defaultConfigurationName = Release;
		};
		5C61F89E1F1691A4003F3AD9 /* Build configuration list for PBXNativeTarget "BudgetUITests" */ = {
			isa = XCConfigurationList;
			buildConfigurations = (
				5C61F89F1F1691A4003F3AD9 /* Debug */,
				5C61F8A01F1691A4003F3AD9 /* Release */,
			);
			defaultConfigurationIsVisible = 0;
			defaultConfigurationName = Release;
		};
/* End XCConfigurationList section */

/* Begin XCVersionGroup section */
		5C61F8771F1691A4003F3AD9 /* Budget.xcdatamodeld */ = {
			isa = XCVersionGroup;
			children = (
				5C61F8781F1691A4003F3AD9 /* Budget.xcdatamodel */,
			);
			currentVersion = 5C61F8781F1691A4003F3AD9 /* Budget.xcdatamodel */;
			path = Budget.xcdatamodeld;
			sourceTree = "<group>";
			versionGroupType = wrapper.xcdatamodel;
		};
/* End XCVersionGroup section */
	};
	rootObject = 5C61F8651F1691A4003F3AD9 /* Project object */;
}
