// !$*UTF8*$!
{
	archiveVersion = 1;
	classes = {
	};
	objectVersion = 46;
	objects = {

/* Begin PBXAggregateTarget section */
		5CBEEC271F2CD8DE00CDB0E7 /* Lint */ = {
			isa = PBXAggregateTarget;
			buildConfigurationList = 5CBEEC281F2CD8DE00CDB0E7 /* Build configuration list for PBXAggregateTarget "Lint" */;
			buildPhases = (
				5CBEEC2B1F2CD8F100CDB0E7 /* ShellScript */,
			);
			dependencies = (
			);
			name = Lint;
			productName = Lint;
		};
/* End PBXAggregateTarget section */

/* Begin PBXBuildFile section */
		5C3CED191F2A80B000DB145D /* ManagedOperation.swift in Sources */ = {isa = PBXBuildFile; fileRef = 5C3CED171F2A80B000DB145D /* ManagedOperation.swift */; };
		5C3CED1A1F2A80B000DB145D /* OperationsCoreDataStore.swift in Sources */ = {isa = PBXBuildFile; fileRef = 5C3CED181F2A80B000DB145D /* OperationsCoreDataStore.swift */; };
		5C3CED1C1F2A80CF00DB145D /* Operation.swift in Sources */ = {isa = PBXBuildFile; fileRef = 5C3CED1B1F2A80CF00DB145D /* Operation.swift */; };
		5C3CED1E1F2A8A2F00DB145D /* OperationsWorker.swift in Sources */ = {isa = PBXBuildFile; fileRef = 5C3CED1D1F2A8A2F00DB145D /* OperationsWorker.swift */; };
		5C4461061F44830300EC7DD5 /* ModelDisplayable.swift in Sources */ = {isa = PBXBuildFile; fileRef = 5C4461051F44830300EC7DD5 /* ModelDisplayable.swift */; };
		5C4461081F44838100EC7DD5 /* GenericTableViewDataSource.swift in Sources */ = {isa = PBXBuildFile; fileRef = 5C4461071F44838100EC7DD5 /* GenericTableViewDataSource.swift */; };
		5C44610C1F4488B900EC7DD5 /* OperationCell.swift in Sources */ = {isa = PBXBuildFile; fileRef = 5C44610B1F4488B900EC7DD5 /* OperationCell.swift */; };
		5C44610E1F4496C000EC7DD5 /* OperationCell.xib in Resources */ = {isa = PBXBuildFile; fileRef = 5C44610D1F4496C000EC7DD5 /* OperationCell.xib */; };
		5C60F1351F20EFDE006B1DB5 /* BalanceInteractor.swift in Sources */ = {isa = PBXBuildFile; fileRef = 5C60F12F1F20EFDE006B1DB5 /* BalanceInteractor.swift */; };
		5C60F1361F20EFDE006B1DB5 /* BalanceModels.swift in Sources */ = {isa = PBXBuildFile; fileRef = 5C60F1301F20EFDE006B1DB5 /* BalanceModels.swift */; };
		5C60F1371F20EFDE006B1DB5 /* BalancePresenter.swift in Sources */ = {isa = PBXBuildFile; fileRef = 5C60F1311F20EFDE006B1DB5 /* BalancePresenter.swift */; };
		5C60F1391F20EFDE006B1DB5 /* BalanceViewController.swift in Sources */ = {isa = PBXBuildFile; fileRef = 5C60F1331F20EFDE006B1DB5 /* BalanceViewController.swift */; };
		5C61F8711F1691A4003F3AD9 /* AppDelegate.swift in Sources */ = {isa = PBXBuildFile; fileRef = 5C61F8701F1691A4003F3AD9 /* AppDelegate.swift */; };
		5C61F8761F1691A4003F3AD9 /* Main.storyboard in Resources */ = {isa = PBXBuildFile; fileRef = 5C61F8741F1691A4003F3AD9 /* Main.storyboard */; };
		5C61F8791F1691A4003F3AD9 /* Budget.xcdatamodeld in Sources */ = {isa = PBXBuildFile; fileRef = 5C61F8771F1691A4003F3AD9 /* Budget.xcdatamodeld */; };
		5C61F87B1F1691A4003F3AD9 /* Assets.xcassets in Resources */ = {isa = PBXBuildFile; fileRef = 5C61F87A1F1691A4003F3AD9 /* Assets.xcassets */; };
		5C61F87E1F1691A4003F3AD9 /* LaunchScreen.storyboard in Resources */ = {isa = PBXBuildFile; fileRef = 5C61F87C1F1691A4003F3AD9 /* LaunchScreen.storyboard */; };
		5C61F8941F1691A4003F3AD9 /* BudgetUITests.swift in Sources */ = {isa = PBXBuildFile; fileRef = 5C61F8931F1691A4003F3AD9 /* BudgetUITests.swift */; };
		5C6ECDB61F98D3D8001AF1B7 /* NumberFormatter+Currency.swift in Sources */ = {isa = PBXBuildFile; fileRef = 5C6ECDB51F98D3D8001AF1B7 /* NumberFormatter+Currency.swift */; };
		5C7CA5C21F965E04008192BF /* NavigationControllerDelegate.swift in Sources */ = {isa = PBXBuildFile; fileRef = 5C7CA5C11F965E04008192BF /* NavigationControllerDelegate.swift */; };
		5C7CA5C41F96627D008192BF /* PushUpAnimator.swift in Sources */ = {isa = PBXBuildFile; fileRef = 5C7CA5C31F96627D008192BF /* PushUpAnimator.swift */; };
		5C88E5691F94FF630020E263 /* PushDownAnimator.swift in Sources */ = {isa = PBXBuildFile; fileRef = 5C88E5681F94FF630020E263 /* PushDownAnimator.swift */; };
		5CB0B97C1F66E686009B00F8 /* Color+Amount.swift in Sources */ = {isa = PBXBuildFile; fileRef = 5CB0B97B1F66E686009B00F8 /* Color+Amount.swift */; };
		5CBEEC251F2CD42000CDB0E7 /* OperationsCoreDataStoreTests.swift in Sources */ = {isa = PBXBuildFile; fileRef = 5CBEEC241F2CD42000CDB0E7 /* OperationsCoreDataStoreTests.swift */; };
		5CBEEC3F1F2CF6A800CDB0E7 /* CreateOperationInteractor.swift in Sources */ = {isa = PBXBuildFile; fileRef = 5CBEEC391F2CF6A800CDB0E7 /* CreateOperationInteractor.swift */; };
		5CBEEC401F2CF6A800CDB0E7 /* CreateOperationModels.swift in Sources */ = {isa = PBXBuildFile; fileRef = 5CBEEC3A1F2CF6A800CDB0E7 /* CreateOperationModels.swift */; };
		5CBEEC411F2CF6A800CDB0E7 /* CreateOperationPresenter.swift in Sources */ = {isa = PBXBuildFile; fileRef = 5CBEEC3B1F2CF6A800CDB0E7 /* CreateOperationPresenter.swift */; };
		5CBEEC431F2CF6A800CDB0E7 /* CreateOperationViewController.swift in Sources */ = {isa = PBXBuildFile; fileRef = 5CBEEC3D1F2CF6A800CDB0E7 /* CreateOperationViewController.swift */; };
		5CC09F381F2D09D80008DEEB /* GoogleService-Info.plist in Resources */ = {isa = PBXBuildFile; fileRef = 5CC09F371F2D09D80008DEEB /* GoogleService-Info.plist */; };
		5CC31B061F40CD0B00AD2544 /* Array+Operation.swift in Sources */ = {isa = PBXBuildFile; fileRef = 5CC31B051F40CD0B00AD2544 /* Array+Operation.swift */; };
		5CC31B1A1F40D67E00AD2544 /* HistoryInteractor.swift in Sources */ = {isa = PBXBuildFile; fileRef = 5CC31B141F40D67E00AD2544 /* HistoryInteractor.swift */; };
		5CC31B1B1F40D67E00AD2544 /* HistoryModels.swift in Sources */ = {isa = PBXBuildFile; fileRef = 5CC31B151F40D67E00AD2544 /* HistoryModels.swift */; };
		5CC31B1C1F40D67E00AD2544 /* HistoryPresenter.swift in Sources */ = {isa = PBXBuildFile; fileRef = 5CC31B161F40D67E00AD2544 /* HistoryPresenter.swift */; };
		5CC31B1E1F40D67E00AD2544 /* HistoryViewController.swift in Sources */ = {isa = PBXBuildFile; fileRef = 5CC31B181F40D67E00AD2544 /* HistoryViewController.swift */; };
		69AEBBA83A7BA5BAA2B582BD /* Pods_BudgetTests.framework in Frameworks */ = {isa = PBXBuildFile; fileRef = 8FE1E810CF7087C9358CA374 /* Pods_BudgetTests.framework */; };
		BC80CCADFB132796BA79DE21 /* Pods_BudgetUITests.framework in Frameworks */ = {isa = PBXBuildFile; fileRef = 5D36D024E2F5846E545AAC5C /* Pods_BudgetUITests.framework */; };
		FB0A62F9427F610B17DF65DA /* Pods_Budget.framework in Frameworks */ = {isa = PBXBuildFile; fileRef = E10E04C111535AA019F18B88 /* Pods_Budget.framework */; };
/* End PBXBuildFile section */

/* Begin PBXContainerItemProxy section */
		5C61F8851F1691A4003F3AD9 /* PBXContainerItemProxy */ = {
			isa = PBXContainerItemProxy;
			containerPortal = 5C61F8651F1691A4003F3AD9 /* Project object */;
			proxyType = 1;
			remoteGlobalIDString = 5C61F86C1F1691A4003F3AD9;
			remoteInfo = Budget;
		};
		5C61F8901F1691A4003F3AD9 /* PBXContainerItemProxy */ = {
			isa = PBXContainerItemProxy;
			containerPortal = 5C61F8651F1691A4003F3AD9 /* Project object */;
			proxyType = 1;
			remoteGlobalIDString = 5C61F86C1F1691A4003F3AD9;
			remoteInfo = Budget;
		};
/* End PBXContainerItemProxy section */

/* Begin PBXFileReference section */
		04ED93C4F8614E68ACCB463D /* Pods-BudgetTests.release.xcconfig */ = {isa = PBXFileReference; includeInIndex = 1; lastKnownFileType = text.xcconfig; name = "Pods-BudgetTests.release.xcconfig"; path = "Pods/Target Support Files/Pods-BudgetTests/Pods-BudgetTests.release.xcconfig"; sourceTree = "<group>"; };
		24ACAD76286771F8FC745027 /* Pods-BudgetUITests.debug.xcconfig */ = {isa = PBXFileReference; includeInIndex = 1; lastKnownFileType = text.xcconfig; name = "Pods-BudgetUITests.debug.xcconfig"; path = "Pods/Target Support Files/Pods-BudgetUITests/Pods-BudgetUITests.debug.xcconfig"; sourceTree = "<group>"; };
		250D050895FED8AA136DE3A0 /* Pods-Budget.debug.xcconfig */ = {isa = PBXFileReference; includeInIndex = 1; lastKnownFileType = text.xcconfig; name = "Pods-Budget.debug.xcconfig"; path = "Pods/Target Support Files/Pods-Budget/Pods-Budget.debug.xcconfig"; sourceTree = "<group>"; };
		2FD0DEBFBC285DB65500E4D2 /* Pods-BudgetTests.debug.xcconfig */ = {isa = PBXFileReference; includeInIndex = 1; lastKnownFileType = text.xcconfig; name = "Pods-BudgetTests.debug.xcconfig"; path = "Pods/Target Support Files/Pods-BudgetTests/Pods-BudgetTests.debug.xcconfig"; sourceTree = "<group>"; };
		5C3CED171F2A80B000DB145D /* ManagedOperation.swift */ = {isa = PBXFileReference; fileEncoding = 4; lastKnownFileType = sourcecode.swift; path = ManagedOperation.swift; sourceTree = "<group>"; };
		5C3CED181F2A80B000DB145D /* OperationsCoreDataStore.swift */ = {isa = PBXFileReference; fileEncoding = 4; lastKnownFileType = sourcecode.swift; path = OperationsCoreDataStore.swift; sourceTree = "<group>"; };
		5C3CED1B1F2A80CF00DB145D /* Operation.swift */ = {isa = PBXFileReference; fileEncoding = 4; lastKnownFileType = sourcecode.swift; path = Operation.swift; sourceTree = "<group>"; };
		5C3CED1D1F2A8A2F00DB145D /* OperationsWorker.swift */ = {isa = PBXFileReference; fileEncoding = 4; lastKnownFileType = sourcecode.swift; path = OperationsWorker.swift; sourceTree = "<group>"; };
		5C4461051F44830300EC7DD5 /* ModelDisplayable.swift */ = {isa = PBXFileReference; fileEncoding = 4; lastKnownFileType = sourcecode.swift; path = ModelDisplayable.swift; sourceTree = "<group>"; };
		5C4461071F44838100EC7DD5 /* GenericTableViewDataSource.swift */ = {isa = PBXFileReference; fileEncoding = 4; lastKnownFileType = sourcecode.swift; path = GenericTableViewDataSource.swift; sourceTree = "<group>"; };
		5C44610B1F4488B900EC7DD5 /* OperationCell.swift */ = {isa = PBXFileReference; fileEncoding = 4; lastKnownFileType = sourcecode.swift; path = OperationCell.swift; sourceTree = "<group>"; };
		5C44610D1F4496C000EC7DD5 /* OperationCell.xib */ = {isa = PBXFileReference; fileEncoding = 4; lastKnownFileType = file.xib; path = OperationCell.xib; sourceTree = "<group>"; };
		5C60F12F1F20EFDE006B1DB5 /* BalanceInteractor.swift */ = {isa = PBXFileReference; fileEncoding = 4; lastKnownFileType = sourcecode.swift; path = BalanceInteractor.swift; sourceTree = "<group>"; };
		5C60F1301F20EFDE006B1DB5 /* BalanceModels.swift */ = {isa = PBXFileReference; fileEncoding = 4; lastKnownFileType = sourcecode.swift; path = BalanceModels.swift; sourceTree = "<group>"; };
		5C60F1311F20EFDE006B1DB5 /* BalancePresenter.swift */ = {isa = PBXFileReference; fileEncoding = 4; lastKnownFileType = sourcecode.swift; path = BalancePresenter.swift; sourceTree = "<group>"; };
		5C60F1331F20EFDE006B1DB5 /* BalanceViewController.swift */ = {isa = PBXFileReference; fileEncoding = 4; lastKnownFileType = sourcecode.swift; path = BalanceViewController.swift; sourceTree = "<group>"; };
		5C61F86D1F1691A4003F3AD9 /* Budget.app */ = {isa = PBXFileReference; explicitFileType = wrapper.application; includeInIndex = 0; path = Budget.app; sourceTree = BUILT_PRODUCTS_DIR; };
		5C61F8701F1691A4003F3AD9 /* AppDelegate.swift */ = {isa = PBXFileReference; lastKnownFileType = sourcecode.swift; path = AppDelegate.swift; sourceTree = "<group>"; };
		5C61F8751F1691A4003F3AD9 /* Base */ = {isa = PBXFileReference; lastKnownFileType = file.storyboard; name = Base; path = Base.lproj/Main.storyboard; sourceTree = "<group>"; };
		5C61F8781F1691A4003F3AD9 /* Budget.xcdatamodel */ = {isa = PBXFileReference; lastKnownFileType = wrapper.xcdatamodel; path = Budget.xcdatamodel; sourceTree = "<group>"; };
		5C61F87A1F1691A4003F3AD9 /* Assets.xcassets */ = {isa = PBXFileReference; lastKnownFileType = folder.assetcatalog; path = Assets.xcassets; sourceTree = "<group>"; };
		5C61F87D1F1691A4003F3AD9 /* Base */ = {isa = PBXFileReference; lastKnownFileType = file.storyboard; name = Base; path = Base.lproj/LaunchScreen.storyboard; sourceTree = "<group>"; };
		5C61F87F1F1691A4003F3AD9 /* Info.plist */ = {isa = PBXFileReference; lastKnownFileType = text.plist.xml; path = Info.plist; sourceTree = "<group>"; };
		5C61F8841F1691A4003F3AD9 /* BudgetTests.xctest */ = {isa = PBXFileReference; explicitFileType = wrapper.cfbundle; includeInIndex = 0; path = BudgetTests.xctest; sourceTree = BUILT_PRODUCTS_DIR; };
		5C61F88A1F1691A4003F3AD9 /* Info.plist */ = {isa = PBXFileReference; lastKnownFileType = text.plist.xml; path = Info.plist; sourceTree = "<group>"; };
		5C61F88F1F1691A4003F3AD9 /* BudgetUITests.xctest */ = {isa = PBXFileReference; explicitFileType = wrapper.cfbundle; includeInIndex = 0; path = BudgetUITests.xctest; sourceTree = BUILT_PRODUCTS_DIR; };
		5C61F8931F1691A4003F3AD9 /* BudgetUITests.swift */ = {isa = PBXFileReference; lastKnownFileType = sourcecode.swift; path = BudgetUITests.swift; sourceTree = "<group>"; };
		5C61F8951F1691A4003F3AD9 /* Info.plist */ = {isa = PBXFileReference; lastKnownFileType = text.plist.xml; path = Info.plist; sourceTree = "<group>"; };
		5C6ECDB51F98D3D8001AF1B7 /* NumberFormatter+Currency.swift */ = {isa = PBXFileReference; lastKnownFileType = sourcecode.swift; path = "NumberFormatter+Currency.swift"; sourceTree = "<group>"; };
		5C7CA5C11F965E04008192BF /* NavigationControllerDelegate.swift */ = {isa = PBXFileReference; lastKnownFileType = sourcecode.swift; path = NavigationControllerDelegate.swift; sourceTree = "<group>"; };
		5C7CA5C31F96627D008192BF /* PushUpAnimator.swift */ = {isa = PBXFileReference; lastKnownFileType = sourcecode.swift; path = PushUpAnimator.swift; sourceTree = "<group>"; };
		5C88E5681F94FF630020E263 /* PushDownAnimator.swift */ = {isa = PBXFileReference; lastKnownFileType = sourcecode.swift; path = PushDownAnimator.swift; sourceTree = "<group>"; };
		5CB0B97B1F66E686009B00F8 /* Color+Amount.swift */ = {isa = PBXFileReference; fileEncoding = 4; lastKnownFileType = sourcecode.swift; path = "Color+Amount.swift"; sourceTree = "<group>"; };
		5CBEEC241F2CD42000CDB0E7 /* OperationsCoreDataStoreTests.swift */ = {isa = PBXFileReference; fileEncoding = 4; lastKnownFileType = sourcecode.swift; path = OperationsCoreDataStoreTests.swift; sourceTree = "<group>"; };
		5CBEEC391F2CF6A800CDB0E7 /* CreateOperationInteractor.swift */ = {isa = PBXFileReference; fileEncoding = 4; lastKnownFileType = sourcecode.swift; path = CreateOperationInteractor.swift; sourceTree = "<group>"; };
		5CBEEC3A1F2CF6A800CDB0E7 /* CreateOperationModels.swift */ = {isa = PBXFileReference; fileEncoding = 4; lastKnownFileType = sourcecode.swift; path = CreateOperationModels.swift; sourceTree = "<group>"; };
		5CBEEC3B1F2CF6A800CDB0E7 /* CreateOperationPresenter.swift */ = {isa = PBXFileReference; fileEncoding = 4; lastKnownFileType = sourcecode.swift; path = CreateOperationPresenter.swift; sourceTree = "<group>"; };
		5CBEEC3D1F2CF6A800CDB0E7 /* CreateOperationViewController.swift */ = {isa = PBXFileReference; fileEncoding = 4; lastKnownFileType = sourcecode.swift; path = CreateOperationViewController.swift; sourceTree = "<group>"; };
		5CC09F371F2D09D80008DEEB /* GoogleService-Info.plist */ = {isa = PBXFileReference; fileEncoding = 4; lastKnownFileType = text.plist.xml; path = "GoogleService-Info.plist"; sourceTree = "<group>"; };
		5CC31B051F40CD0B00AD2544 /* Array+Operation.swift */ = {isa = PBXFileReference; fileEncoding = 4; lastKnownFileType = sourcecode.swift; path = "Array+Operation.swift"; sourceTree = "<group>"; };
		5CC31B141F40D67E00AD2544 /* HistoryInteractor.swift */ = {isa = PBXFileReference; fileEncoding = 4; lastKnownFileType = sourcecode.swift; path = HistoryInteractor.swift; sourceTree = "<group>"; };
		5CC31B151F40D67E00AD2544 /* HistoryModels.swift */ = {isa = PBXFileReference; fileEncoding = 4; lastKnownFileType = sourcecode.swift; path = HistoryModels.swift; sourceTree = "<group>"; };
		5CC31B161F40D67E00AD2544 /* HistoryPresenter.swift */ = {isa = PBXFileReference; fileEncoding = 4; lastKnownFileType = sourcecode.swift; path = HistoryPresenter.swift; sourceTree = "<group>"; };
		5CC31B181F40D67E00AD2544 /* HistoryViewController.swift */ = {isa = PBXFileReference; fileEncoding = 4; lastKnownFileType = sourcecode.swift; path = HistoryViewController.swift; sourceTree = "<group>"; };
		5D36D024E2F5846E545AAC5C /* Pods_BudgetUITests.framework */ = {isa = PBXFileReference; explicitFileType = wrapper.framework; includeInIndex = 0; path = Pods_BudgetUITests.framework; sourceTree = BUILT_PRODUCTS_DIR; };
		71F907C665E87BFE50F9CBFC /* Pods-Budget.release.xcconfig */ = {isa = PBXFileReference; includeInIndex = 1; lastKnownFileType = text.xcconfig; name = "Pods-Budget.release.xcconfig"; path = "Pods/Target Support Files/Pods-Budget/Pods-Budget.release.xcconfig"; sourceTree = "<group>"; };
		8FE1E810CF7087C9358CA374 /* Pods_BudgetTests.framework */ = {isa = PBXFileReference; explicitFileType = wrapper.framework; includeInIndex = 0; path = Pods_BudgetTests.framework; sourceTree = BUILT_PRODUCTS_DIR; };
		BF8E24E25F33D834358F24A7 /* Pods-BudgetUITests.release.xcconfig */ = {isa = PBXFileReference; includeInIndex = 1; lastKnownFileType = text.xcconfig; name = "Pods-BudgetUITests.release.xcconfig"; path = "Pods/Target Support Files/Pods-BudgetUITests/Pods-BudgetUITests.release.xcconfig"; sourceTree = "<group>"; };
		E10E04C111535AA019F18B88 /* Pods_Budget.framework */ = {isa = PBXFileReference; explicitFileType = wrapper.framework; includeInIndex = 0; path = Pods_Budget.framework; sourceTree = BUILT_PRODUCTS_DIR; };
/* End PBXFileReference section */

/* Begin PBXFrameworksBuildPhase section */
		5C61F86A1F1691A4003F3AD9 /* Frameworks */ = {
			isa = PBXFrameworksBuildPhase;
			buildActionMask = 2147483647;
			files = (
				FB0A62F9427F610B17DF65DA /* Pods_Budget.framework in Frameworks */,
			);
			runOnlyForDeploymentPostprocessing = 0;
		};
		5C61F8811F1691A4003F3AD9 /* Frameworks */ = {
			isa = PBXFrameworksBuildPhase;
			buildActionMask = 2147483647;
			files = (
				69AEBBA83A7BA5BAA2B582BD /* Pods_BudgetTests.framework in Frameworks */,
			);
			runOnlyForDeploymentPostprocessing = 0;
		};
		5C61F88C1F1691A4003F3AD9 /* Frameworks */ = {
			isa = PBXFrameworksBuildPhase;
			buildActionMask = 2147483647;
			files = (
				BC80CCADFB132796BA79DE21 /* Pods_BudgetUITests.framework in Frameworks */,
			);
			runOnlyForDeploymentPostprocessing = 0;
		};
/* End PBXFrameworksBuildPhase section */

/* Begin PBXGroup section */
		5C3CED161F2A806300DB145D /* Operation Model */ = {
			isa = PBXGroup;
			children = (
				5C3CED171F2A80B000DB145D /* ManagedOperation.swift */,
				5C3CED1B1F2A80CF00DB145D /* Operation.swift */,
				5C3CED181F2A80B000DB145D /* OperationsCoreDataStore.swift */,
				5C3CED1D1F2A8A2F00DB145D /* OperationsWorker.swift */,
			);
			path = "Operation Model";
			sourceTree = "<group>";
		};
		5C4461041F4482C100EC7DD5 /* Tableview Generics */ = {
			isa = PBXGroup;
			children = (
				5C4461051F44830300EC7DD5 /* ModelDisplayable.swift */,
				5C4461071F44838100EC7DD5 /* GenericTableViewDataSource.swift */,
			);
			path = "Tableview Generics";
			sourceTree = "<group>";
		};
		5C60F12E1F20E6D0006B1DB5 /* Balance */ = {
			isa = PBXGroup;
			children = (
				5C60F12F1F20EFDE006B1DB5 /* BalanceInteractor.swift */,
				5C60F1301F20EFDE006B1DB5 /* BalanceModels.swift */,
				5C60F1311F20EFDE006B1DB5 /* BalancePresenter.swift */,
				5C60F1331F20EFDE006B1DB5 /* BalanceViewController.swift */,
			);
			path = Balance;
			sourceTree = "<group>";
		};
		5C61F8641F1691A4003F3AD9 = {
			isa = PBXGroup;
			children = (
				5C61F86F1F1691A4003F3AD9 /* Budget */,
				5C61F8871F1691A4003F3AD9 /* BudgetTests */,
				5C61F8921F1691A4003F3AD9 /* BudgetUITests */,
				5C61F86E1F1691A4003F3AD9 /* Products */,
				DD7410FE5845EE15810022B0 /* Pods */,
				CCD00B24A4650C8A8DDE5688 /* Frameworks */,
			);
			sourceTree = "<group>";
		};
		5C61F86E1F1691A4003F3AD9 /* Products */ = {
			isa = PBXGroup;
			children = (
				5C61F86D1F1691A4003F3AD9 /* Budget.app */,
				5C61F8841F1691A4003F3AD9 /* BudgetTests.xctest */,
				5C61F88F1F1691A4003F3AD9 /* BudgetUITests.xctest */,
			);
			name = Products;
			sourceTree = "<group>";
		};
		5C61F86F1F1691A4003F3AD9 /* Budget */ = {
			isa = PBXGroup;
			children = (
				5C88E5671F94FF2C0020E263 /* Animators */,
				5C60F12E1F20E6D0006B1DB5 /* Balance */,
				5CBEEC381F2CF65400CDB0E7 /* Create Operation */,
				5CC31B041F40CCDD00AD2544 /* Extensions */,
				5CC31B131F40D67E00AD2544 /* History */,
				5C3CED161F2A806300DB145D /* Operation Model */,
				5C4461041F4482C100EC7DD5 /* Tableview Generics */,
				5C61F8701F1691A4003F3AD9 /* AppDelegate.swift */,
				5C61F8741F1691A4003F3AD9 /* Main.storyboard */,
				5C61F87A1F1691A4003F3AD9 /* Assets.xcassets */,
				5C61F87C1F1691A4003F3AD9 /* LaunchScreen.storyboard */,
				5C61F87F1F1691A4003F3AD9 /* Info.plist */,
				5CC09F371F2D09D80008DEEB /* GoogleService-Info.plist */,
				5C61F8771F1691A4003F3AD9 /* Budget.xcdatamodeld */,
			);
			path = Budget;
			sourceTree = "<group>";
		};
		5C61F8871F1691A4003F3AD9 /* BudgetTests */ = {
			isa = PBXGroup;
			children = (
				5C61F88A1F1691A4003F3AD9 /* Info.plist */,
				5CBEEC241F2CD42000CDB0E7 /* OperationsCoreDataStoreTests.swift */,
			);
			path = BudgetTests;
			sourceTree = "<group>";
		};
		5C61F8921F1691A4003F3AD9 /* BudgetUITests */ = {
			isa = PBXGroup;
			children = (
				5C61F8931F1691A4003F3AD9 /* BudgetUITests.swift */,
				5C61F8951F1691A4003F3AD9 /* Info.plist */,
			);
			path = BudgetUITests;
			sourceTree = "<group>";
		};
		5C88E5671F94FF2C0020E263 /* Animators */ = {
			isa = PBXGroup;
			children = (
				5C7CA5C11F965E04008192BF /* NavigationControllerDelegate.swift */,
				5C88E5681F94FF630020E263 /* PushDownAnimator.swift */,
				5C7CA5C31F96627D008192BF /* PushUpAnimator.swift */,
			);
			path = Animators;
			sourceTree = "<group>";
		};
		5CBEEC381F2CF65400CDB0E7 /* Create Operation */ = {
			isa = PBXGroup;
			children = (
				5CBEEC391F2CF6A800CDB0E7 /* CreateOperationInteractor.swift */,
				5CBEEC3A1F2CF6A800CDB0E7 /* CreateOperationModels.swift */,
				5CBEEC3B1F2CF6A800CDB0E7 /* CreateOperationPresenter.swift */,
				5CBEEC3D1F2CF6A800CDB0E7 /* CreateOperationViewController.swift */,
			);
			path = "Create Operation";
			sourceTree = "<group>";
		};
		5CC31B041F40CCDD00AD2544 /* Extensions */ = {
			isa = PBXGroup;
			children = (
				5CC31B051F40CD0B00AD2544 /* Array+Operation.swift */,
				5CB0B97B1F66E686009B00F8 /* Color+Amount.swift */,
				5C6ECDB51F98D3D8001AF1B7 /* NumberFormatter+Currency.swift */,
			);
			path = Extensions;
			sourceTree = "<group>";
		};
		5CC31B131F40D67E00AD2544 /* History */ = {
			isa = PBXGroup;
			children = (
				5CC31B141F40D67E00AD2544 /* HistoryInteractor.swift */,
				5CC31B151F40D67E00AD2544 /* HistoryModels.swift */,
				5CC31B161F40D67E00AD2544 /* HistoryPresenter.swift */,
				5CC31B181F40D67E00AD2544 /* HistoryViewController.swift */,
				5C44610B1F4488B900EC7DD5 /* OperationCell.swift */,
				5C44610D1F4496C000EC7DD5 /* OperationCell.xib */,
			);
			path = History;
			sourceTree = "<group>";
		};
		CCD00B24A4650C8A8DDE5688 /* Frameworks */ = {
			isa = PBXGroup;
			children = (
				E10E04C111535AA019F18B88 /* Pods_Budget.framework */,
				8FE1E810CF7087C9358CA374 /* Pods_BudgetTests.framework */,
				5D36D024E2F5846E545AAC5C /* Pods_BudgetUITests.framework */,
			);
			name = Frameworks;
			sourceTree = "<group>";
		};
		DD7410FE5845EE15810022B0 /* Pods */ = {
			isa = PBXGroup;
			children = (
				250D050895FED8AA136DE3A0 /* Pods-Budget.debug.xcconfig */,
				71F907C665E87BFE50F9CBFC /* Pods-Budget.release.xcconfig */,
				2FD0DEBFBC285DB65500E4D2 /* Pods-BudgetTests.debug.xcconfig */,
				04ED93C4F8614E68ACCB463D /* Pods-BudgetTests.release.xcconfig */,
				24ACAD76286771F8FC745027 /* Pods-BudgetUITests.debug.xcconfig */,
				BF8E24E25F33D834358F24A7 /* Pods-BudgetUITests.release.xcconfig */,
			);
			name = Pods;
			sourceTree = "<group>";
		};
/* End PBXGroup section */

/* Begin PBXNativeTarget section */
		5C61F86C1F1691A4003F3AD9 /* Budget */ = {
			isa = PBXNativeTarget;
			buildConfigurationList = 5C61F8981F1691A4003F3AD9 /* Build configuration list for PBXNativeTarget "Budget" */;
			buildPhases = (
				4B75DFC29E602771C0E924CA /* [CP] Check Pods Manifest.lock */,
				5C61F8691F1691A4003F3AD9 /* Sources */,
				5C61F86A1F1691A4003F3AD9 /* Frameworks */,
				5C61F86B1F1691A4003F3AD9 /* Resources */,
				577A5B03340BFEE5A233E8D7 /* [CP] Embed Pods Frameworks */,
				DA6F3E89E60CEF8639F29F3E /* [CP] Copy Pods Resources */,
			);
			buildRules = (
			);
			dependencies = (
			);
			name = Budget;
			productName = Budget;
			productReference = 5C61F86D1F1691A4003F3AD9 /* Budget.app */;
			productType = "com.apple.product-type.application";
		};
		5C61F8831F1691A4003F3AD9 /* BudgetTests */ = {
			isa = PBXNativeTarget;
			buildConfigurationList = 5C61F89B1F1691A4003F3AD9 /* Build configuration list for PBXNativeTarget "BudgetTests" */;
			buildPhases = (
				DFEFFF268D15E23DF80A5A97 /* [CP] Check Pods Manifest.lock */,
				5C61F8801F1691A4003F3AD9 /* Sources */,
				5C61F8811F1691A4003F3AD9 /* Frameworks */,
				5C61F8821F1691A4003F3AD9 /* Resources */,
				4E701A93C13AADF06F8C5373 /* [CP] Embed Pods Frameworks */,
				F34B646F848DC21056C593DA /* [CP] Copy Pods Resources */,
			);
			buildRules = (
			);
			dependencies = (
				5C61F8861F1691A4003F3AD9 /* PBXTargetDependency */,
			);
			name = BudgetTests;
			productName = BudgetTests;
			productReference = 5C61F8841F1691A4003F3AD9 /* BudgetTests.xctest */;
			productType = "com.apple.product-type.bundle.unit-test";
		};
		5C61F88E1F1691A4003F3AD9 /* BudgetUITests */ = {
			isa = PBXNativeTarget;
			buildConfigurationList = 5C61F89E1F1691A4003F3AD9 /* Build configuration list for PBXNativeTarget "BudgetUITests" */;
			buildPhases = (
				4924CC6EA214329A7214D4D8 /* [CP] Check Pods Manifest.lock */,
				5C61F88B1F1691A4003F3AD9 /* Sources */,
				5C61F88C1F1691A4003F3AD9 /* Frameworks */,
				5C61F88D1F1691A4003F3AD9 /* Resources */,
				7DCE560890E0F9B0996CE9A6 /* [CP] Embed Pods Frameworks */,
				7155A1918A5FE6979DAADBE3 /* [CP] Copy Pods Resources */,
			);
			buildRules = (
			);
			dependencies = (
				5C61F8911F1691A4003F3AD9 /* PBXTargetDependency */,
			);
			name = BudgetUITests;
			productName = BudgetUITests;
			productReference = 5C61F88F1F1691A4003F3AD9 /* BudgetUITests.xctest */;
			productType = "com.apple.product-type.bundle.ui-testing";
		};
/* End PBXNativeTarget section */

/* Begin PBXProject section */
		5C61F8651F1691A4003F3AD9 /* Project object */ = {
			isa = PBXProject;
			attributes = {
				LastSwiftUpdateCheck = 0830;
				LastUpgradeCheck = 0900;
				ORGANIZATIONNAME = "William Archimede";
				TargetAttributes = {
					5C61F86C1F1691A4003F3AD9 = {
						CreatedOnToolsVersion = 8.3.3;
						DevelopmentTeam = 49NQY3MAJ3;
						LastSwiftMigration = 0900;
						ProvisioningStyle = Automatic;
					};
					5C61F8831F1691A4003F3AD9 = {
						CreatedOnToolsVersion = 8.3.3;
						DevelopmentTeam = 5CVNZF3PXG;
						LastSwiftMigration = 0900;
						ProvisioningStyle = Automatic;
						TestTargetID = 5C61F86C1F1691A4003F3AD9;
					};
					5C61F88E1F1691A4003F3AD9 = {
						CreatedOnToolsVersion = 8.3.3;
						DevelopmentTeam = 5CVNZF3PXG;
						LastSwiftMigration = 0900;
						ProvisioningStyle = Automatic;
						TestTargetID = 5C61F86C1F1691A4003F3AD9;
					};
					5CBEEC271F2CD8DE00CDB0E7 = {
						CreatedOnToolsVersion = 8.3.3;
						DevelopmentTeam = 5CVNZF3PXG;
						ProvisioningStyle = Automatic;
					};
				};
			};
			buildConfigurationList = 5C61F8681F1691A4003F3AD9 /* Build configuration list for PBXProject "Budget" */;
			compatibilityVersion = "Xcode 3.2";
			developmentRegion = English;
			hasScannedForEncodings = 0;
			knownRegions = (
				en,
				Base,
			);
			mainGroup = 5C61F8641F1691A4003F3AD9;
			productRefGroup = 5C61F86E1F1691A4003F3AD9 /* Products */;
			projectDirPath = "";
			projectRoot = "";
			targets = (
				5C61F86C1F1691A4003F3AD9 /* Budget */,
				5C61F8831F1691A4003F3AD9 /* BudgetTests */,
				5C61F88E1F1691A4003F3AD9 /* BudgetUITests */,
				5CBEEC271F2CD8DE00CDB0E7 /* Lint */,
			);
		};
/* End PBXProject section */

/* Begin PBXResourcesBuildPhase section */
		5C61F86B1F1691A4003F3AD9 /* Resources */ = {
			isa = PBXResourcesBuildPhase;
			buildActionMask = 2147483647;
			files = (
				5C61F87E1F1691A4003F3AD9 /* LaunchScreen.storyboard in Resources */,
				5CC09F381F2D09D80008DEEB /* GoogleService-Info.plist in Resources */,
				5C61F87B1F1691A4003F3AD9 /* Assets.xcassets in Resources */,
				5C44610E1F4496C000EC7DD5 /* OperationCell.xib in Resources */,
				5C61F8761F1691A4003F3AD9 /* Main.storyboard in Resources */,
			);
			runOnlyForDeploymentPostprocessing = 0;
		};
		5C61F8821F1691A4003F3AD9 /* Resources */ = {
			isa = PBXResourcesBuildPhase;
			buildActionMask = 2147483647;
			files = (
			);
			runOnlyForDeploymentPostprocessing = 0;
		};
		5C61F88D1F1691A4003F3AD9 /* Resources */ = {
			isa = PBXResourcesBuildPhase;
			buildActionMask = 2147483647;
			files = (
			);
			runOnlyForDeploymentPostprocessing = 0;
		};
/* End PBXResourcesBuildPhase section */

/* Begin PBXShellScriptBuildPhase section */
		4924CC6EA214329A7214D4D8 /* [CP] Check Pods Manifest.lock */ = {
			isa = PBXShellScriptBuildPhase;
			buildActionMask = 2147483647;
			files = (
			);
			inputPaths = (
			);
			name = "[CP] Check Pods Manifest.lock";
			outputPaths = (
			);
			runOnlyForDeploymentPostprocessing = 0;
			shellPath = /bin/sh;
			shellScript = "diff \"${PODS_PODFILE_DIR_PATH}/Podfile.lock\" \"${PODS_ROOT}/Manifest.lock\" > /dev/null\nif [ $? != 0 ] ; then\n    # print error to STDERR\n    echo \"error: The sandbox is not in sync with the Podfile.lock. Run 'pod install' or update your CocoaPods installation.\" >&2\n    exit 1\nfi\n";
			showEnvVarsInLog = 0;
		};
		4B75DFC29E602771C0E924CA /* [CP] Check Pods Manifest.lock */ = {
			isa = PBXShellScriptBuildPhase;
			buildActionMask = 2147483647;
			files = (
			);
			inputPaths = (
			);
			name = "[CP] Check Pods Manifest.lock";
			outputPaths = (
			);
			runOnlyForDeploymentPostprocessing = 0;
			shellPath = /bin/sh;
			shellScript = "diff \"${PODS_PODFILE_DIR_PATH}/Podfile.lock\" \"${PODS_ROOT}/Manifest.lock\" > /dev/null\nif [ $? != 0 ] ; then\n    # print error to STDERR\n    echo \"error: The sandbox is not in sync with the Podfile.lock. Run 'pod install' or update your CocoaPods installation.\" >&2\n    exit 1\nfi\n";
			showEnvVarsInLog = 0;
		};
		4E701A93C13AADF06F8C5373 /* [CP] Embed Pods Frameworks */ = {
			isa = PBXShellScriptBuildPhase;
			buildActionMask = 2147483647;
			files = (
			);
			inputPaths = (
			);
			name = "[CP] Embed Pods Frameworks";
			outputPaths = (
			);
			runOnlyForDeploymentPostprocessing = 0;
			shellPath = /bin/sh;
			shellScript = "\"${SRCROOT}/Pods/Target Support Files/Pods-BudgetTests/Pods-BudgetTests-frameworks.sh\"\n";
			showEnvVarsInLog = 0;
		};
		577A5B03340BFEE5A233E8D7 /* [CP] Embed Pods Frameworks */ = {
			isa = PBXShellScriptBuildPhase;
			buildActionMask = 2147483647;
			files = (
			);
			inputPaths = (
			);
			name = "[CP] Embed Pods Frameworks";
			outputPaths = (
			);
			runOnlyForDeploymentPostprocessing = 0;
			shellPath = /bin/sh;
			shellScript = "\"${SRCROOT}/Pods/Target Support Files/Pods-Budget/Pods-Budget-frameworks.sh\"\n";
			showEnvVarsInLog = 0;
		};
		5CBEEC2B1F2CD8F100CDB0E7 /* ShellScript */ = {
			isa = PBXShellScriptBuildPhase;
			buildActionMask = 2147483647;
			files = (
			);
			inputPaths = (
			);
			outputPaths = (
			);
			runOnlyForDeploymentPostprocessing = 0;
			shellPath = /bin/sh;
			shellScript = "if which swiftlint >/dev/null; then\nswiftlint\nelse\necho \"warning: SwiftLint not installed, download from https://github.com/realm/SwiftLint\"\nfi";
		};
		7155A1918A5FE6979DAADBE3 /* [CP] Copy Pods Resources */ = {
			isa = PBXShellScriptBuildPhase;
			buildActionMask = 2147483647;
			files = (
			);
			inputPaths = (
			);
			name = "[CP] Copy Pods Resources";
			outputPaths = (
			);
			runOnlyForDeploymentPostprocessing = 0;
			shellPath = /bin/sh;
			shellScript = "\"${SRCROOT}/Pods/Target Support Files/Pods-BudgetUITests/Pods-BudgetUITests-resources.sh\"\n";
			showEnvVarsInLog = 0;
		};
		7DCE560890E0F9B0996CE9A6 /* [CP] Embed Pods Frameworks */ = {
			isa = PBXShellScriptBuildPhase;
			buildActionMask = 2147483647;
			files = (
			);
			inputPaths = (
			);
			name = "[CP] Embed Pods Frameworks";
			outputPaths = (
			);
			runOnlyForDeploymentPostprocessing = 0;
			shellPath = /bin/sh;
			shellScript = "\"${SRCROOT}/Pods/Target Support Files/Pods-BudgetUITests/Pods-BudgetUITests-frameworks.sh\"\n";
			showEnvVarsInLog = 0;
		};
		DA6F3E89E60CEF8639F29F3E /* [CP] Copy Pods Resources */ = {
			isa = PBXShellScriptBuildPhase;
			buildActionMask = 2147483647;
			files = (
			);
			inputPaths = (
			);
			name = "[CP] Copy Pods Resources";
			outputPaths = (
			);
			runOnlyForDeploymentPostprocessing = 0;
			shellPath = /bin/sh;
			shellScript = "\"${SRCROOT}/Pods/Target Support Files/Pods-Budget/Pods-Budget-resources.sh\"\n";
			showEnvVarsInLog = 0;
		};
		DFEFFF268D15E23DF80A5A97 /* [CP] Check Pods Manifest.lock */ = {
			isa = PBXShellScriptBuildPhase;
			buildActionMask = 2147483647;
			files = (
			);
			inputPaths = (
			);
			name = "[CP] Check Pods Manifest.lock";
			outputPaths = (
			);
			runOnlyForDeploymentPostprocessing = 0;
			shellPath = /bin/sh;
			shellScript = "diff \"${PODS_PODFILE_DIR_PATH}/Podfile.lock\" \"${PODS_ROOT}/Manifest.lock\" > /dev/null\nif [ $? != 0 ] ; then\n    # print error to STDERR\n    echo \"error: The sandbox is not in sync with the Podfile.lock. Run 'pod install' or update your CocoaPods installation.\" >&2\n    exit 1\nfi\n";
			showEnvVarsInLog = 0;
		};
		F34B646F848DC21056C593DA /* [CP] Copy Pods Resources */ = {
			isa = PBXShellScriptBuildPhase;
			buildActionMask = 2147483647;
			files = (
			);
			inputPaths = (
			);
			name = "[CP] Copy Pods Resources";
			outputPaths = (
			);
			runOnlyForDeploymentPostprocessing = 0;
			shellPath = /bin/sh;
			shellScript = "\"${SRCROOT}/Pods/Target Support Files/Pods-BudgetTests/Pods-BudgetTests-resources.sh\"\n";
			showEnvVarsInLog = 0;
		};
/* End PBXShellScriptBuildPhase section */

/* Begin PBXSourcesBuildPhase section */
		5C61F8691F1691A4003F3AD9 /* Sources */ = {
			isa = PBXSourcesBuildPhase;
			buildActionMask = 2147483647;
			files = (
				5CBEEC411F2CF6A800CDB0E7 /* CreateOperationPresenter.swift in Sources */,
				5C44610C1F4488B900EC7DD5 /* OperationCell.swift in Sources */,
				5C4461081F44838100EC7DD5 /* GenericTableViewDataSource.swift in Sources */,
				5CB0B97C1F66E686009B00F8 /* Color+Amount.swift in Sources */,
				5C88E5691F94FF630020E263 /* PushDownAnimator.swift in Sources */,
				5C3CED1C1F2A80CF00DB145D /* Operation.swift in Sources */,
				5C60F1371F20EFDE006B1DB5 /* BalancePresenter.swift in Sources */,
				5C3CED191F2A80B000DB145D /* ManagedOperation.swift in Sources */,
				5C61F8711F1691A4003F3AD9 /* AppDelegate.swift in Sources */,
				5CBEEC401F2CF6A800CDB0E7 /* CreateOperationModels.swift in Sources */,
				5CC31B1B1F40D67E00AD2544 /* HistoryModels.swift in Sources */,
				5C61F8791F1691A4003F3AD9 /* Budget.xcdatamodeld in Sources */,
				5C4461061F44830300EC7DD5 /* ModelDisplayable.swift in Sources */,
				5C3CED1A1F2A80B000DB145D /* OperationsCoreDataStore.swift in Sources */,
				5C60F1391F20EFDE006B1DB5 /* BalanceViewController.swift in Sources */,
				5C7CA5C41F96627D008192BF /* PushUpAnimator.swift in Sources */,
				5C7CA5C21F965E04008192BF /* NavigationControllerDelegate.swift in Sources */,
				5CBEEC431F2CF6A800CDB0E7 /* CreateOperationViewController.swift in Sources */,
				5CC31B1E1F40D67E00AD2544 /* HistoryViewController.swift in Sources */,
				5CC31B061F40CD0B00AD2544 /* Array+Operation.swift in Sources */,
				5C6ECDB61F98D3D8001AF1B7 /* NumberFormatter+Currency.swift in Sources */,
				5CC31B1C1F40D67E00AD2544 /* HistoryPresenter.swift in Sources */,
				5C3CED1E1F2A8A2F00DB145D /* OperationsWorker.swift in Sources */,
				5C60F1361F20EFDE006B1DB5 /* BalanceModels.swift in Sources */,
				5C60F1351F20EFDE006B1DB5 /* BalanceInteractor.swift in Sources */,
				5CBEEC3F1F2CF6A800CDB0E7 /* CreateOperationInteractor.swift in Sources */,
				5CC31B1A1F40D67E00AD2544 /* HistoryInteractor.swift in Sources */,
			);
			runOnlyForDeploymentPostprocessing = 0;
		};
		5C61F8801F1691A4003F3AD9 /* Sources */ = {
			isa = PBXSourcesBuildPhase;
			buildActionMask = 2147483647;
			files = (
				5CBEEC251F2CD42000CDB0E7 /* OperationsCoreDataStoreTests.swift in Sources */,
			);
			runOnlyForDeploymentPostprocessing = 0;
		};
		5C61F88B1F1691A4003F3AD9 /* Sources */ = {
			isa = PBXSourcesBuildPhase;
			buildActionMask = 2147483647;
			files = (
				5C61F8941F1691A4003F3AD9 /* BudgetUITests.swift in Sources */,
			);
			runOnlyForDeploymentPostprocessing = 0;
		};
/* End PBXSourcesBuildPhase section */

/* Begin PBXTargetDependency section */
		5C61F8861F1691A4003F3AD9 /* PBXTargetDependency */ = {
			isa = PBXTargetDependency;
			target = 5C61F86C1F1691A4003F3AD9 /* Budget */;
			targetProxy = 5C61F8851F1691A4003F3AD9 /* PBXContainerItemProxy */;
		};
		5C61F8911F1691A4003F3AD9 /* PBXTargetDependency */ = {
			isa = PBXTargetDependency;
			target = 5C61F86C1F1691A4003F3AD9 /* Budget */;
			targetProxy = 5C61F8901F1691A4003F3AD9 /* PBXContainerItemProxy */;
		};
/* End PBXTargetDependency section */

/* Begin PBXVariantGroup section */
		5C61F8741F1691A4003F3AD9 /* Main.storyboard */ = {
			isa = PBXVariantGroup;
			children = (
				5C61F8751F1691A4003F3AD9 /* Base */,
			);
			name = Main.storyboard;
			sourceTree = "<group>";
		};
		5C61F87C1F1691A4003F3AD9 /* LaunchScreen.storyboard */ = {
			isa = PBXVariantGroup;
			children = (
				5C61F87D1F1691A4003F3AD9 /* Base */,
			);
			name = LaunchScreen.storyboard;
			sourceTree = "<group>";
		};
/* End PBXVariantGroup section */

/* Begin XCBuildConfiguration section */
		5C61F8961F1691A4003F3AD9 /* Debug */ = {
			isa = XCBuildConfiguration;
			buildSettings = {
				ALWAYS_SEARCH_USER_PATHS = NO;
				CLANG_ANALYZER_NONNULL = YES;
				CLANG_ANALYZER_NUMBER_OBJECT_CONVERSION = YES_AGGRESSIVE;
				CLANG_CXX_LANGUAGE_STANDARD = "gnu++0x";
				CLANG_CXX_LIBRARY = "libc++";
				CLANG_ENABLE_MODULES = YES;
				CLANG_ENABLE_OBJC_ARC = YES;
				CLANG_WARN_BLOCK_CAPTURE_AUTORELEASING = YES;
				CLANG_WARN_BOOL_CONVERSION = YES;
				CLANG_WARN_COMMA = YES;
				CLANG_WARN_CONSTANT_CONVERSION = YES;
				CLANG_WARN_DIRECT_OBJC_ISA_USAGE = YES_ERROR;
				CLANG_WARN_DOCUMENTATION_COMMENTS = YES;
				CLANG_WARN_EMPTY_BODY = YES;
				CLANG_WARN_ENUM_CONVERSION = YES;
				CLANG_WARN_INFINITE_RECURSION = YES;
				CLANG_WARN_INT_CONVERSION = YES;
				CLANG_WARN_NON_LITERAL_NULL_CONVERSION = YES;
				CLANG_WARN_OBJC_LITERAL_CONVERSION = YES;
				CLANG_WARN_OBJC_ROOT_CLASS = YES_ERROR;
				CLANG_WARN_RANGE_LOOP_ANALYSIS = YES;
				CLANG_WARN_STRICT_PROTOTYPES = YES;
				CLANG_WARN_SUSPICIOUS_MOVE = YES;
				CLANG_WARN_UNREACHABLE_CODE = YES;
				CLANG_WARN__DUPLICATE_METHOD_MATCH = YES;
				"CODE_SIGN_IDENTITY[sdk=iphoneos*]" = "iPhone Developer";
				COPY_PHASE_STRIP = NO;
				DEBUG_INFORMATION_FORMAT = dwarf;
				ENABLE_STRICT_OBJC_MSGSEND = YES;
				ENABLE_TESTABILITY = YES;
				GCC_C_LANGUAGE_STANDARD = gnu99;
				GCC_DYNAMIC_NO_PIC = NO;
				GCC_NO_COMMON_BLOCKS = YES;
				GCC_OPTIMIZATION_LEVEL = 0;
				GCC_PREPROCESSOR_DEFINITIONS = (
					"DEBUG=1",
					"$(inherited)",
				);
				GCC_WARN_64_TO_32_BIT_CONVERSION = YES;
				GCC_WARN_ABOUT_RETURN_TYPE = YES_ERROR;
				GCC_WARN_UNDECLARED_SELECTOR = YES;
				GCC_WARN_UNINITIALIZED_AUTOS = YES_AGGRESSIVE;
				GCC_WARN_UNUSED_FUNCTION = YES;
				GCC_WARN_UNUSED_VARIABLE = YES;
				IPHONEOS_DEPLOYMENT_TARGET = 10.3;
				MTL_ENABLE_DEBUG_INFO = YES;
				ONLY_ACTIVE_ARCH = YES;
				SDKROOT = iphoneos;
				SWIFT_ACTIVE_COMPILATION_CONDITIONS = DEBUG;
				SWIFT_OPTIMIZATION_LEVEL = "-Onone";
				TARGETED_DEVICE_FAMILY = "1,2";
			};
			name = Debug;
		};
		5C61F8971F1691A4003F3AD9 /* Release */ = {
			isa = XCBuildConfiguration;
			buildSettings = {
				ALWAYS_SEARCH_USER_PATHS = NO;
				CLANG_ANALYZER_NONNULL = YES;
				CLANG_ANALYZER_NUMBER_OBJECT_CONVERSION = YES_AGGRESSIVE;
				CLANG_CXX_LANGUAGE_STANDARD = "gnu++0x";
				CLANG_CXX_LIBRARY = "libc++";
				CLANG_ENABLE_MODULES = YES;
				CLANG_ENABLE_OBJC_ARC = YES;
				CLANG_WARN_BLOCK_CAPTURE_AUTORELEASING = YES;
				CLANG_WARN_BOOL_CONVERSION = YES;
				CLANG_WARN_COMMA = YES;
				CLANG_WARN_CONSTANT_CONVERSION = YES;
				CLANG_WARN_DIRECT_OBJC_ISA_USAGE = YES_ERROR;
				CLANG_WARN_DOCUMENTATION_COMMENTS = YES;
				CLANG_WARN_EMPTY_BODY = YES;
				CLANG_WARN_ENUM_CONVERSION = YES;
				CLANG_WARN_INFINITE_RECURSION = YES;
				CLANG_WARN_INT_CONVERSION = YES;
				CLANG_WARN_NON_LITERAL_NULL_CONVERSION = YES;
				CLANG_WARN_OBJC_LITERAL_CONVERSION = YES;
				CLANG_WARN_OBJC_ROOT_CLASS = YES_ERROR;
				CLANG_WARN_RANGE_LOOP_ANALYSIS = YES;
				CLANG_WARN_STRICT_PROTOTYPES = YES;
				CLANG_WARN_SUSPICIOUS_MOVE = YES;
				CLANG_WARN_UNREACHABLE_CODE = YES;
				CLANG_WARN__DUPLICATE_METHOD_MATCH = YES;
				"CODE_SIGN_IDENTITY[sdk=iphoneos*]" = "iPhone Developer";
				COPY_PHASE_STRIP = NO;
				DEBUG_INFORMATION_FORMAT = "dwarf-with-dsym";
				ENABLE_NS_ASSERTIONS = NO;
				ENABLE_STRICT_OBJC_MSGSEND = YES;
				GCC_C_LANGUAGE_STANDARD = gnu99;
				GCC_NO_COMMON_BLOCKS = YES;
				GCC_WARN_64_TO_32_BIT_CONVERSION = YES;
				GCC_WARN_ABOUT_RETURN_TYPE = YES_ERROR;
				GCC_WARN_UNDECLARED_SELECTOR = YES;
				GCC_WARN_UNINITIALIZED_AUTOS = YES_AGGRESSIVE;
				GCC_WARN_UNUSED_FUNCTION = YES;
				GCC_WARN_UNUSED_VARIABLE = YES;
				IPHONEOS_DEPLOYMENT_TARGET = 10.3;
				MTL_ENABLE_DEBUG_INFO = NO;
				SDKROOT = iphoneos;
				SWIFT_OPTIMIZATION_LEVEL = "-Owholemodule";
				TARGETED_DEVICE_FAMILY = "1,2";
				VALIDATE_PRODUCT = YES;
			};
			name = Release;
		};
		5C61F8991F1691A4003F3AD9 /* Debug */ = {
			isa = XCBuildConfiguration;
			baseConfigurationReference = 250D050895FED8AA136DE3A0 /* Pods-Budget.debug.xcconfig */;
			buildSettings = {
				ASSETCATALOG_COMPILER_APPICON_NAME = AppIcon;
				DEVELOPMENT_TEAM = 49NQY3MAJ3;
				FRAMEWORK_SEARCH_PATHS = (
					"$(inherited)",
					"$(PROJECT_DIR)",
				);
				INFOPLIST_FILE = Budget/Info.plist;
				LD_RUNPATH_SEARCH_PATHS = "$(inherited)";
				PRODUCT_BUNDLE_IDENTIFIER = io.warchimede.Budget;
				PRODUCT_NAME = "$(TARGET_NAME)";
				SWIFT_SWIFT3_OBJC_INFERENCE = On;
				SWIFT_VERSION = 4.0;
				TARGETED_DEVICE_FAMILY = 1;
			};
			name = Debug;
		};
		5C61F89A1F1691A4003F3AD9 /* Release */ = {
			isa = XCBuildConfiguration;
			baseConfigurationReference = 71F907C665E87BFE50F9CBFC /* Pods-Budget.release.xcconfig */;
			buildSettings = {
				ASSETCATALOG_COMPILER_APPICON_NAME = AppIcon;
				DEVELOPMENT_TEAM = 49NQY3MAJ3;
				FRAMEWORK_SEARCH_PATHS = (
					"$(inherited)",
					"$(PROJECT_DIR)",
				);
				INFOPLIST_FILE = Budget/Info.plist;
				LD_RUNPATH_SEARCH_PATHS = "$(inherited)";
				PRODUCT_BUNDLE_IDENTIFIER = io.warchimede.Budget;
				PRODUCT_NAME = "$(TARGET_NAME)";
				SWIFT_SWIFT3_OBJC_INFERENCE = On;
				SWIFT_VERSION = 4.0;
				TARGETED_DEVICE_FAMILY = 1;
			};
			name = Release;
		};
		5C61F89C1F1691A4003F3AD9 /* Debug */ = {
			isa = XCBuildConfiguration;
			baseConfigurationReference = 2FD0DEBFBC285DB65500E4D2 /* Pods-BudgetTests.debug.xcconfig */;
			buildSettings = {
				ALWAYS_EMBED_SWIFT_STANDARD_LIBRARIES = YES;
				BUNDLE_LOADER = "$(TEST_HOST)";
				DEVELOPMENT_TEAM = 5CVNZF3PXG;
				INFOPLIST_FILE = BudgetTests/Info.plist;
				LD_RUNPATH_SEARCH_PATHS = "$(inherited) @executable_path/Frameworks @loader_path/Frameworks";
				PRODUCT_BUNDLE_IDENTIFIER = com.WilliamArchimede.BudgetTests;
				PRODUCT_NAME = "$(TARGET_NAME)";
				SWIFT_SWIFT3_OBJC_INFERENCE = On;
				SWIFT_VERSION = 4.0;
				TEST_HOST = "$(BUILT_PRODUCTS_DIR)/Budget.app/Budget";
			};
			name = Debug;
		};
		5C61F89D1F1691A4003F3AD9 /* Release */ = {
			isa = XCBuildConfiguration;
			baseConfigurationReference = 04ED93C4F8614E68ACCB463D /* Pods-BudgetTests.release.xcconfig */;
			buildSettings = {
				ALWAYS_EMBED_SWIFT_STANDARD_LIBRARIES = YES;
				BUNDLE_LOADER = "$(TEST_HOST)";
				DEVELOPMENT_TEAM = 5CVNZF3PXG;
				INFOPLIST_FILE = BudgetTests/Info.plist;
				LD_RUNPATH_SEARCH_PATHS = "$(inherited) @executable_path/Frameworks @loader_path/Frameworks";
				PRODUCT_BUNDLE_IDENTIFIER = com.WilliamArchimede.BudgetTests;
				PRODUCT_NAME = "$(TARGET_NAME)";
				SWIFT_SWIFT3_OBJC_INFERENCE = On;
				SWIFT_VERSION = 4.0;
				TEST_HOST = "$(BUILT_PRODUCTS_DIR)/Budget.app/Budget";
			};
			name = Release;
		};
		5C61F89F1F1691A4003F3AD9 /* Debug */ = {
			isa = XCBuildConfiguration;
			baseConfigurationReference = 24ACAD76286771F8FC745027 /* Pods-BudgetUITests.debug.xcconfig */;
			buildSettings = {
				ALWAYS_EMBED_SWIFT_STANDARD_LIBRARIES = YES;
				DEVELOPMENT_TEAM = 5CVNZF3PXG;
				INFOPLIST_FILE = BudgetUITests/Info.plist;
				LD_RUNPATH_SEARCH_PATHS = "$(inherited) @executable_path/Frameworks @loader_path/Frameworks";
				PRODUCT_BUNDLE_IDENTIFIER = com.WilliamArchimede.BudgetUITests;
				PRODUCT_NAME = "$(TARGET_NAME)";
				SWIFT_SWIFT3_OBJC_INFERENCE = On;
				SWIFT_VERSION = 4.0;
				TEST_TARGET_NAME = Budget;
			};
			name = Debug;
		};
		5C61F8A01F1691A4003F3AD9 /* Release */ = {
			isa = XCBuildConfiguration;
			baseConfigurationReference = BF8E24E25F33D834358F24A7 /* Pods-BudgetUITests.release.xcconfig */;
			buildSettings = {
				ALWAYS_EMBED_SWIFT_STANDARD_LIBRARIES = YES;
				DEVELOPMENT_TEAM = 5CVNZF3PXG;
				INFOPLIST_FILE = BudgetUITests/Info.plist;
				LD_RUNPATH_SEARCH_PATHS = "$(inherited) @executable_path/Frameworks @loader_path/Frameworks";
				PRODUCT_BUNDLE_IDENTIFIER = com.WilliamArchimede.BudgetUITests;
				PRODUCT_NAME = "$(TARGET_NAME)";
				SWIFT_SWIFT3_OBJC_INFERENCE = On;
				SWIFT_VERSION = 4.0;
				TEST_TARGET_NAME = Budget;
			};
			name = Release;
		};
		5CBEEC291F2CD8DE00CDB0E7 /* Debug */ = {
			isa = XCBuildConfiguration;
			buildSettings = {
				DEVELOPMENT_TEAM = 5CVNZF3PXG;
				PRODUCT_NAME = "$(TARGET_NAME)";
			};
			name = Debug;
		};
		5CBEEC2A1F2CD8DE00CDB0E7 /* Release */ = {
			isa = XCBuildConfiguration;
			buildSettings = {
				DEVELOPMENT_TEAM = 5CVNZF3PXG;
				PRODUCT_NAME = "$(TARGET_NAME)";
			};
			name = Release;
		};
/* End XCBuildConfiguration section */

/* Begin XCConfigurationList section */
		5C61F8681F1691A4003F3AD9 /* Build configuration list for PBXProject "Budget" */ = {
			isa = XCConfigurationList;
			buildConfigurations = (
				5C61F8961F1691A4003F3AD9 /* Debug */,
				5C61F8971F1691A4003F3AD9 /* Release */,
			);
			defaultConfigurationIsVisible = 0;
			defaultConfigurationName = Release;
		};
		5C61F8981F1691A4003F3AD9 /* Build configuration list for PBXNativeTarget "Budget" */ = {
			isa = XCConfigurationList;
			buildConfigurations = (
				5C61F8991F1691A4003F3AD9 /* Debug */,
				5C61F89A1F1691A4003F3AD9 /* Release */,
			);
			defaultConfigurationIsVisible = 0;
			defaultConfigurationName = Release;
		};
		5C61F89B1F1691A4003F3AD9 /* Build configuration list for PBXNativeTarget "BudgetTests" */ = {
			isa = XCConfigurationList;
			buildConfigurations = (
				5C61F89C1F1691A4003F3AD9 /* Debug */,
				5C61F89D1F1691A4003F3AD9 /* Release */,
			);
			defaultConfigurationIsVisible = 0;
			defaultConfigurationName = Release;
		};
		5C61F89E1F1691A4003F3AD9 /* Build configuration list for PBXNativeTarget "BudgetUITests" */ = {
			isa = XCConfigurationList;
			buildConfigurations = (
				5C61F89F1F1691A4003F3AD9 /* Debug */,
				5C61F8A01F1691A4003F3AD9 /* Release */,
			);
			defaultConfigurationIsVisible = 0;
			defaultConfigurationName = Release;
		};
		5CBEEC281F2CD8DE00CDB0E7 /* Build configuration list for PBXAggregateTarget "Lint" */ = {
			isa = XCConfigurationList;
			buildConfigurations = (
				5CBEEC291F2CD8DE00CDB0E7 /* Debug */,
				5CBEEC2A1F2CD8DE00CDB0E7 /* Release */,
			);
			defaultConfigurationIsVisible = 0;
			defaultConfigurationName = Release;
		};
/* End XCConfigurationList section */

/* Begin XCVersionGroup section */
		5C61F8771F1691A4003F3AD9 /* Budget.xcdatamodeld */ = {
			isa = XCVersionGroup;
			children = (
				5C61F8781F1691A4003F3AD9 /* Budget.xcdatamodel */,
			);
			currentVersion = 5C61F8781F1691A4003F3AD9 /* Budget.xcdatamodel */;
			path = Budget.xcdatamodeld;
			sourceTree = "<group>";
			versionGroupType = wrapper.xcdatamodel;
		};
/* End XCVersionGroup section */
	};
	rootObject = 5C61F8651F1691A4003F3AD9 /* Project object */;
}
